PODS:
  - Djinni (4.6.1):
    - DjinniSwift (= 4.6.1)
  - DjinniSwift (4.6.1)

DEPENDENCIES:
  - Djinni (from `../../Djinni.podspec`)
  - DjinniSwift (from `../../DjinniSwift.podspec`)

EXTERNAL SOURCES:
  Djinni:
    :path: "../../Djinni.podspec"
  DjinniSwift:
    :path: "../../DjinniSwift.podspec"

SPEC CHECKSUMS:
  Djinni: a1fc59decdfc922f88de7ee7323de625893da920
  DjinniSwift: 7d7797748cb7948c8544fc1dc9552d30c5a12534

PODFILE CHECKSUM: 8cd63a409e4f613c78eda77b49152ec7fbe962ba

COCOAPODS: 1.10.0
